{
    "_readme": [
        "This file locks the dependencies of your project to a known state",
        "Read more about it at https://getcomposer.org/doc/01-basic-usage.md#installing-dependencies",
        "This file is @generated automatically"
    ],
    "content-hash": "d2193b27c5a65a726735eb08e6926415",
    "packages": [
        {
            "name": "adbario/php-dot-notation",
            "version": "2.5.0",
            "source": {
                "type": "git",
                "url": "https://github.com/adbario/php-dot-notation.git",
                "reference": "081e2cca50c84bfeeea2e3ef9b2c8d206d80ccae"
            },
            "dist": {
                "type": "zip",
                "url": "https://api.github.com/repos/adbario/php-dot-notation/zipball/081e2cca50c84bfeeea2e3ef9b2c8d206d80ccae",
                "reference": "081e2cca50c84bfeeea2e3ef9b2c8d206d80ccae",
                "shasum": ""
            },
            "require": {
                "ext-json": "*",
                "php": "^5.5 || ^7.0 || ^8.0"
            },
            "require-dev": {
                "phpunit/phpunit": "^4.8|^5.7|^6.6|^7.5|^8.5|^9.5",
                "squizlabs/php_codesniffer": "^3.6"
            },
            "type": "library",
            "autoload": {
                "files": [
                    "src/helpers.php"
                ],
                "psr-4": {
                    "Adbar\\": "src"
                }
            },
            "notification-url": "https://packagist.org/downloads/",
            "license": [
                "MIT"
            ],
            "authors": [
                {
                    "name": "Riku Särkinen",
                    "email": "riku@adbar.io"
                }
            ],
            "description": "PHP dot notation access to arrays",
            "homepage": "https://github.com/adbario/php-dot-notation",
            "keywords": [
                "ArrayAccess",
                "dotnotation"
            ],
            "support": {
                "issues": "https://github.com/adbario/php-dot-notation/issues",
                "source": "https://github.com/adbario/php-dot-notation/tree/2.5.0"
            },
            "time": "2022-10-14T20:31:46+00:00"
        },
        {
            "name": "fostam/getopts",
            "version": "v1.2.0",
            "source": {
                "type": "git",
                "url": "https://github.com/fostam/php-getopts.git",
                "reference": "ce156ebf9723e5431579940114a7584c223e21cb"
            },
            "dist": {
                "type": "zip",
                "url": "https://api.github.com/repos/fostam/php-getopts/zipball/ce156ebf9723e5431579940114a7584c223e21cb",
                "reference": "ce156ebf9723e5431579940114a7584c223e21cb",
                "shasum": ""
            },
            "require": {
                "php": ">=5.6"
            },
            "require-dev": {
                "phpunit/phpunit": "^5.5|^6.5"
            },
            "type": "library",
            "autoload": {
                "psr-4": {
                    "Fostam\\GetOpts\\": "src"
                }
            },
            "notification-url": "https://packagist.org/downloads/",
            "license": [
                "MIT"
            ],
            "authors": [
                {
                    "name": "Stefan Stammler",
                    "email": "stefan@fostam.org"
                }
            ],
            "description": "Flexible PHP command line argument parser with automated help message generation and validation support",
            "keywords": [
                "argument",
                "command line",
                "getopt",
                "option",
                "parser",
                "parsing",
                "script",
                "shell"
            ],
            "support": {
                "issues": "https://github.com/fostam/php-getopts/issues",
                "source": "https://github.com/fostam/php-getopts/tree/v1.2.0"
            },
            "time": "2020-08-20T13:54:39+00:00"
        },
        {
            "name": "yidas/brute-force-attacker",
            "version": "1.0.0",
            "source": {
                "type": "git",
                "url": "https://github.com/yidas/brute-force-attacker-php.git",
                "reference": "b37337339d4ad43460b067c18d7ba0a76da13868"
            },
            "dist": {
                "type": "zip",
                "url": "https://api.github.com/repos/yidas/brute-force-attacker-php/zipball/b37337339d4ad43460b067c18d7ba0a76da13868",
                "reference": "b37337339d4ad43460b067c18d7ba0a76da13868",
                "shasum": ""
            },
            "require": {
                "php": ">=5.4"
            },
            "type": "library",
            "autoload": {
                "psr-4": {
                    "yidas\\": "src/"
                }
            },
            "notification-url": "https://packagist.org/downloads/",
            "license": [
                "MIT"
            ],
            "description": "Brute-force attack tool for generating all possible string and executing function",
            "homepage": "https://github.com/yidas/brute-force-attacker-php",
            "keywords": [
                "brute force attack",
                "cryptanalytic",
                "php",
                "tool"
            ],
            "support": {
                "issues": "https://github.com/yidas/brute-force-attacker-php/issues",
                "source": "https://github.com/yidas/brute-force-attacker-php"
            },
            "time": "2019-08-01T08:15:53+00:00"
        }
    ],
    "packages-dev": [],
    "aliases": [],
    "minimum-stability": "stable",
    "stability-flags": [],
    "prefer-stable": false,
    "prefer-lowest": false,
    "platform": {
        "php": "^8"
    },
    "platform-dev": [],
    "plugin-api-version": "2.0.0"
}
